// !$*UTF8*$!
{
	archiveVersion = 1;
	classes = {
	};
	objectVersion = 56;
	objects = {

/* Begin PBXBuildFile section */
		38255F1B2A07E62B005AF0FC /* i386-windows in Resources */ = {isa = PBXBuildFile; fileRef = 38255F1A2A07E62B005AF0FC /* i386-windows */; };
		38255F1D2A07E633005AF0FC /* x86_64-windows in Resources */ = {isa = PBXBuildFile; fileRef = 38255F1C2A07E633005AF0FC /* x86_64-windows */; };
		382F4C0729DA516C00824358 /* Utils.swift in Sources */ = {isa = PBXBuildFile; fileRef = 382F4C0629DA516C00824358 /* Utils.swift */; };
		3869AF7629E1FE510049427E /* x86_32on64-unix in Resources */ = {isa = PBXBuildFile; fileRef = 3869AF7429E1FE510049427E /* x86_32on64-unix */; };
		3869AF7729E1FE510049427E /* x86_64-unix in Resources */ = {isa = PBXBuildFile; fileRef = 3869AF7529E1FE510049427E /* x86_64-unix */; };
		3880CC7E2A43759C00180A67 /* wine64-preloader in Resources */ = {isa = PBXBuildFile; fileRef = 3880CC7D2A43759C00180A67 /* wine64-preloader */; };
		38998DFA2A3BAD6400F1963A /* ExternalResButton.swift in Sources */ = {isa = PBXBuildFile; fileRef = 38998DF92A3BAD6400F1963A /* ExternalResButton.swift */; };
		389D6BCF2A47599900A4C8EB /* Config.swift in Sources */ = {isa = PBXBuildFile; fileRef = 389D6BCE2A47599900A4C8EB /* Config.swift */; };
		389D6BE42A4766FD00A4C8EB /* 32 in Resources */ = {isa = PBXBuildFile; fileRef = 389D6BE22A4766FD00A4C8EB /* 32 */; };
		389D6BE52A4766FD00A4C8EB /* 64 in Resources */ = {isa = PBXBuildFile; fileRef = 389D6BE32A4766FD00A4C8EB /* 64 */; };
		38ACB39529D773CA00A450A0 /* Crossover_patcherApp.swift in Sources */ = {isa = PBXBuildFile; fileRef = 38ACB39429D773CA00A450A0 /* Crossover_patcherApp.swift */; };
		38ACB39729D773CA00A450A0 /* ContentView.swift in Sources */ = {isa = PBXBuildFile; fileRef = 38ACB39629D773CA00A450A0 /* ContentView.swift */; };
		38C678A229DAEF8500EB19BE /* Assets.xcassets in Resources */ = {isa = PBXBuildFile; fileRef = 38ACB39829D773CA00A450A0 /* Assets.xcassets */; };
		38C678A629DB3FE800EB19BE /* Instructions.swift in Sources */ = {isa = PBXBuildFile; fileRef = 38C678A529DB3FE800EB19BE /* Instructions.swift */; };
		38CB035A2A0ACF7200AE3637 /* RestoreButtonDialog.swift in Sources */ = {isa = PBXBuildFile; fileRef = 38CB03592A0ACF7200AE3637 /* RestoreButtonDialog.swift */; };
		38D7857429EA07F400874A73 /* libMoltenVK.dylib in Resources */ = {isa = PBXBuildFile; fileRef = 38D7857329EA07DC00874A73 /* libMoltenVK.dylib */; };
		38D93E5829DC4E4F00D4B0D8 /* Disclaimer.swift in Sources */ = {isa = PBXBuildFile; fileRef = 38D93E5729DC4E4F00D4B0D8 /* Disclaimer.swift */; };
/* End PBXBuildFile section */

/* Begin PBXFileReference section */
		38255F1A2A07E62B005AF0FC /* i386-windows */ = {isa = PBXFileReference; fileEncoding = 4; lastKnownFileType = text; name = "i386-windows"; path = "lib/i386-windows"; sourceTree = SOURCE_ROOT; };
		38255F1C2A07E633005AF0FC /* x86_64-windows */ = {isa = PBXFileReference; fileEncoding = 4; lastKnownFileType = text; name = "x86_64-windows"; path = "lib/x86_64-windows"; sourceTree = SOURCE_ROOT; };
		382F4C0629DA516C00824358 /* Utils.swift */ = {isa = PBXFileReference; lastKnownFileType = sourcecode.swift; path = Utils.swift; sourceTree = "<group>"; };
		3869AF7429E1FE510049427E /* x86_32on64-unix */ = {isa = PBXFileReference; fileEncoding = 4; lastKnownFileType = text; name = "x86_32on64-unix"; path = "lib/x86_32on64-unix"; sourceTree = SOURCE_ROOT; };
		3869AF7529E1FE510049427E /* x86_64-unix */ = {isa = PBXFileReference; fileEncoding = 4; lastKnownFileType = text; name = "x86_64-unix"; path = "lib/x86_64-unix"; sourceTree = SOURCE_ROOT; };
		3880CC7D2A43759C00180A67 /* wine64-preloader */ = {isa = PBXFileReference; fileEncoding = 4; lastKnownFileType = text; name = "wine64-preloader"; path = "lib/wine64-preloader"; sourceTree = SOURCE_ROOT; };
		38998DF92A3BAD6400F1963A /* ExternalResButton.swift */ = {isa = PBXFileReference; lastKnownFileType = sourcecode.swift; path = ExternalResButton.swift; sourceTree = "<group>"; };
		389D6BCE2A47599900A4C8EB /* Config.swift */ = {isa = PBXFileReference; lastKnownFileType = sourcecode.swift; path = Config.swift; sourceTree = "<group>"; };
		389D6BE22A4766FD00A4C8EB /* 32 */ = {isa = PBXFileReference; fileEncoding = 4; lastKnownFileType = text; name = 32; path = lib/dxvk/32; sourceTree = SOURCE_ROOT; };
		389D6BE32A4766FD00A4C8EB /* 64 */ = {isa = PBXFileReference; fileEncoding = 4; lastKnownFileType = text; name = 64; path = lib/dxvk/64; sourceTree = SOURCE_ROOT; };
		38ACB39129D773CA00A450A0 /* Crossover patcher.app */ = {isa = PBXFileReference; explicitFileType = wrapper.application; includeInIndex = 0; path = "Crossover patcher.app"; sourceTree = BUILT_PRODUCTS_DIR; };
		38ACB39429D773CA00A450A0 /* Crossover_patcherApp.swift */ = {isa = PBXFileReference; lastKnownFileType = sourcecode.swift; path = Crossover_patcherApp.swift; sourceTree = "<group>"; };
		38ACB39629D773CA00A450A0 /* ContentView.swift */ = {isa = PBXFileReference; lastKnownFileType = sourcecode.swift; path = ContentView.swift; sourceTree = "<group>"; };
		38ACB39829D773CA00A450A0 /* Assets.xcassets */ = {isa = PBXFileReference; lastKnownFileType = folder.assetcatalog; name = Assets.xcassets; path = "Crossover patcher/Assets.xcassets"; sourceTree = SOURCE_ROOT; };
		38ACB39B29D773CA00A450A0 /* Preview Assets.xcassets */ = {isa = PBXFileReference; lastKnownFileType = folder.assetcatalog; path = "Preview Assets.xcassets"; sourceTree = "<group>"; };
		38ACB39D29D773CA00A450A0 /* Crossover_patcher.entitlements */ = {isa = PBXFileReference; lastKnownFileType = text.plist.entitlements; path = Crossover_patcher.entitlements; sourceTree = "<group>"; };
		38C678A129DADD5300EB19BE /* Crossover-patcher-Info.plist */ = {isa = PBXFileReference; lastKnownFileType = text.plist; path = "Crossover-patcher-Info.plist"; sourceTree = SOURCE_ROOT; };
		38C678A529DB3FE800EB19BE /* Instructions.swift */ = {isa = PBXFileReference; lastKnownFileType = sourcecode.swift; path = Instructions.swift; sourceTree = "<group>"; };
		38CB03592A0ACF7200AE3637 /* RestoreButtonDialog.swift */ = {isa = PBXFileReference; lastKnownFileType = sourcecode.swift; path = RestoreButtonDialog.swift; sourceTree = "<group>"; };
		38D7857329EA07DC00874A73 /* libMoltenVK.dylib */ = {isa = PBXFileReference; lastKnownFileType = "compiled.mach-o.dylib"; name = libMoltenVK.dylib; path = lib/libMoltenVK.dylib; sourceTree = SOURCE_ROOT; };
		38D93E5729DC4E4F00D4B0D8 /* Disclaimer.swift */ = {isa = PBXFileReference; lastKnownFileType = sourcecode.swift; path = Disclaimer.swift; sourceTree = "<group>"; };
/* End PBXFileReference section */

/* Begin PBXGroup section */
		389D6BE12A47636200A4C8EB /* dxvk */ = {
			isa = PBXGroup;
			children = (
				389D6BE22A4766FD00A4C8EB /* 32 */,
				389D6BE32A4766FD00A4C8EB /* 64 */,
			);
			name = dxvk;
			path = 64;
			sourceTree = "<group>";
		};
		38ACB38829D773CA00A450A0 = {
			isa = PBXGroup;
			children = (
				38ACB39329D773CA00A450A0 /* Crossover patcher */,
				38ACB39229D773CA00A450A0 /* Products */,
			);
			sourceTree = "<group>";
		};
		38ACB39229D773CA00A450A0 /* Products */ = {
			isa = PBXGroup;
			children = (
				38ACB39129D773CA00A450A0 /* Crossover patcher.app */,
			);
			name = Products;
			sourceTree = "<group>";
		};
		38ACB39329D773CA00A450A0 /* Crossover patcher */ = {
			isa = PBXGroup;
			children = (
				38C678A129DADD5300EB19BE /* Crossover-patcher-Info.plist */,
				38ACB3A329D77ECE00A450A0 /* Resources */,
				38ACB39429D773CA00A450A0 /* Crossover_patcherApp.swift */,
				389D6BCE2A47599900A4C8EB /* Config.swift */,
				38ACB39629D773CA00A450A0 /* ContentView.swift */,
				38ACB39829D773CA00A450A0 /* Assets.xcassets */,
				38ACB39D29D773CA00A450A0 /* Crossover_patcher.entitlements */,
				38ACB39A29D773CA00A450A0 /* Preview Content */,
				382F4C0629DA516C00824358 /* Utils.swift */,
				38C678A529DB3FE800EB19BE /* Instructions.swift */,
				38D93E5729DC4E4F00D4B0D8 /* Disclaimer.swift */,
				38CB03592A0ACF7200AE3637 /* RestoreButtonDialog.swift */,
				38998DF92A3BAD6400F1963A /* ExternalResButton.swift */,
			);
			path = "Crossover patcher";
			sourceTree = "<group>";
		};
		38ACB39A29D773CA00A450A0 /* Preview Content */ = {
			isa = PBXGroup;
			children = (
				38ACB39B29D773CA00A450A0 /* Preview Assets.xcassets */,
			);
			path = "Preview Content";
			sourceTree = "<group>";
		};
		38ACB3A329D77ECE00A450A0 /* Resources */ = {
			isa = PBXGroup;
			children = (
				38ACB3A729D77F0600A450A0 /* lib */,
			);
			path = Resources;
			sourceTree = "<group>";
		};
		38ACB3A729D77F0600A450A0 /* lib */ = {
			isa = PBXGroup;
			children = (
				389D6BE12A47636200A4C8EB /* dxvk */,
				3880CC7D2A43759C00180A67 /* wine64-preloader */,
				38255F1C2A07E633005AF0FC /* x86_64-windows */,
				38255F1A2A07E62B005AF0FC /* i386-windows */,
				38D7857329EA07DC00874A73 /* libMoltenVK.dylib */,
				3869AF7429E1FE510049427E /* x86_32on64-unix */,
				3869AF7529E1FE510049427E /* x86_64-unix */,
			);
			path = lib;
			sourceTree = "<group>";
		};
/* End PBXGroup section */

/* Begin PBXNativeTarget section */
		38ACB39029D773CA00A450A0 /* Crossover patcher */ = {
			isa = PBXNativeTarget;
			buildConfigurationList = 38ACB3A029D773CA00A450A0 /* Build configuration list for PBXNativeTarget "Crossover patcher" */;
			buildPhases = (
				38ACB38D29D773CA00A450A0 /* Sources */,
				381F7DC829DA391400FE9869 /* Resources */,
				388A0DFB29F3E40C00B5F386 /* ShellScript */,
			);
			buildRules = (
			);
			dependencies = (
			);
			name = "Crossover patcher";
			productName = "Crossover patcher";
			productReference = 38ACB39129D773CA00A450A0 /* Crossover patcher.app */;
			productType = "com.apple.product-type.application";
		};
/* End PBXNativeTarget section */

/* Begin PBXProject section */
		38ACB38929D773CA00A450A0 /* Project object */ = {
			isa = PBXProject;
			attributes = {
				BuildIndependentTargetsInParallel = 1;
				LastSwiftUpdateCheck = 1420;
				LastUpgradeCheck = 1430;
				TargetAttributes = {
					38ACB39029D773CA00A450A0 = {
						CreatedOnToolsVersion = 14.2;
					};
				};
			};
			buildConfigurationList = 38ACB38C29D773CA00A450A0 /* Build configuration list for PBXProject "Crossover patcher" */;
			compatibilityVersion = "Xcode 14.0";
			developmentRegion = en;
			hasScannedForEncodings = 0;
			knownRegions = (
				en,
				Base,
			);
			mainGroup = 38ACB38829D773CA00A450A0;
			productRefGroup = 38ACB39229D773CA00A450A0 /* Products */;
			projectDirPath = "";
			projectRoot = "";
			targets = (
				38ACB39029D773CA00A450A0 /* Crossover patcher */,
			);
		};
/* End PBXProject section */

/* Begin PBXResourcesBuildPhase section */
		381F7DC829DA391400FE9869 /* Resources */ = {
			isa = PBXResourcesBuildPhase;
			buildActionMask = 2147483647;
			files = (
				38D7857429EA07F400874A73 /* libMoltenVK.dylib in Resources */,
				3880CC7E2A43759C00180A67 /* wine64-preloader in Resources */,
				3869AF7629E1FE510049427E /* x86_32on64-unix in Resources */,
				389D6BE42A4766FD00A4C8EB /* 32 in Resources */,
				38C678A229DAEF8500EB19BE /* Assets.xcassets in Resources */,
				38255F1B2A07E62B005AF0FC /* i386-windows in Resources */,
				389D6BE52A4766FD00A4C8EB /* 64 in Resources */,
				38255F1D2A07E633005AF0FC /* x86_64-windows in Resources */,
				3869AF7729E1FE510049427E /* x86_64-unix in Resources */,
			);
			runOnlyForDeploymentPostprocessing = 0;
		};
/* End PBXResourcesBuildPhase section */

/* Begin PBXShellScriptBuildPhase section */
		388A0DFB29F3E40C00B5F386 /* ShellScript */ = {
			isa = PBXShellScriptBuildPhase;
			alwaysOutOfDate = 1;
			buildActionMask = 2147483647;
			files = (
			);
			inputFileListPaths = (
			);
			inputPaths = (
			);
			outputFileListPaths = (
			);
			outputPaths = (
			);
			runOnlyForDeploymentPostprocessing = 0;
			shellPath = /bin/sh;
			shellScript = "# Type a script or drag a script file from your workspace to insert its path.\n# xcrun agvtool next-version -all\n";
		};
/* End PBXShellScriptBuildPhase section */

/* Begin PBXSourcesBuildPhase section */
		38ACB38D29D773CA00A450A0 /* Sources */ = {
			isa = PBXSourcesBuildPhase;
			buildActionMask = 2147483647;
			files = (
				38ACB39729D773CA00A450A0 /* ContentView.swift in Sources */,
				38ACB39529D773CA00A450A0 /* Crossover_patcherApp.swift in Sources */,
				38D93E5829DC4E4F00D4B0D8 /* Disclaimer.swift in Sources */,
				38998DFA2A3BAD6400F1963A /* ExternalResButton.swift in Sources */,
				382F4C0729DA516C00824358 /* Utils.swift in Sources */,
				38CB035A2A0ACF7200AE3637 /* RestoreButtonDialog.swift in Sources */,
				389D6BCF2A47599900A4C8EB /* Config.swift in Sources */,
				38C678A629DB3FE800EB19BE /* Instructions.swift in Sources */,
			);
			runOnlyForDeploymentPostprocessing = 0;
		};
/* End PBXSourcesBuildPhase section */

/* Begin XCBuildConfiguration section */
		38ACB39E29D773CA00A450A0 /* Debug */ = {
			isa = XCBuildConfiguration;
			buildSettings = {
				ALWAYS_SEARCH_USER_PATHS = NO;
				CLANG_ANALYZER_NONNULL = YES;
				CLANG_ANALYZER_NUMBER_OBJECT_CONVERSION = YES_AGGRESSIVE;
				CLANG_CXX_LANGUAGE_STANDARD = "gnu++20";
				CLANG_ENABLE_MODULES = YES;
				CLANG_ENABLE_OBJC_ARC = YES;
				CLANG_ENABLE_OBJC_WEAK = YES;
				CLANG_WARN_BLOCK_CAPTURE_AUTORELEASING = YES;
				CLANG_WARN_BOOL_CONVERSION = YES;
				CLANG_WARN_COMMA = YES;
				CLANG_WARN_CONSTANT_CONVERSION = YES;
				CLANG_WARN_DEPRECATED_OBJC_IMPLEMENTATIONS = YES;
				CLANG_WARN_DIRECT_OBJC_ISA_USAGE = YES_ERROR;
				CLANG_WARN_DOCUMENTATION_COMMENTS = YES;
				CLANG_WARN_EMPTY_BODY = YES;
				CLANG_WARN_ENUM_CONVERSION = YES;
				CLANG_WARN_INFINITE_RECURSION = YES;
				CLANG_WARN_INT_CONVERSION = YES;
				CLANG_WARN_NON_LITERAL_NULL_CONVERSION = YES;
				CLANG_WARN_OBJC_IMPLICIT_RETAIN_SELF = YES;
				CLANG_WARN_OBJC_LITERAL_CONVERSION = YES;
				CLANG_WARN_OBJC_ROOT_CLASS = YES_ERROR;
				CLANG_WARN_QUOTED_INCLUDE_IN_FRAMEWORK_HEADER = YES;
				CLANG_WARN_RANGE_LOOP_ANALYSIS = YES;
				CLANG_WARN_STRICT_PROTOTYPES = YES;
				CLANG_WARN_SUSPICIOUS_MOVE = YES;
				CLANG_WARN_UNGUARDED_AVAILABILITY = YES_AGGRESSIVE;
				CLANG_WARN_UNREACHABLE_CODE = YES;
				CLANG_WARN__DUPLICATE_METHOD_MATCH = YES;
				COPY_PHASE_STRIP = NO;
				DEAD_CODE_STRIPPING = YES;
				DEBUG_INFORMATION_FORMAT = dwarf;
				ENABLE_STRICT_OBJC_MSGSEND = YES;
				ENABLE_TESTABILITY = YES;
				GCC_C_LANGUAGE_STANDARD = gnu11;
				GCC_DYNAMIC_NO_PIC = NO;
				GCC_NO_COMMON_BLOCKS = YES;
				GCC_OPTIMIZATION_LEVEL = 0;
				GCC_PREPROCESSOR_DEFINITIONS = (
					"DEBUG=1",
					"$(inherited)",
				);
				GCC_WARN_64_TO_32_BIT_CONVERSION = YES;
				GCC_WARN_ABOUT_RETURN_TYPE = YES_ERROR;
				GCC_WARN_UNDECLARED_SELECTOR = YES;
				GCC_WARN_UNINITIALIZED_AUTOS = YES_AGGRESSIVE;
				GCC_WARN_UNUSED_FUNCTION = YES;
				GCC_WARN_UNUSED_VARIABLE = YES;
				MACOSX_DEPLOYMENT_TARGET = 13.1;
				MTL_ENABLE_DEBUG_INFO = INCLUDE_SOURCE;
				MTL_FAST_MATH = YES;
				ONLY_ACTIVE_ARCH = YES;
				SDKROOT = macosx;
				SWIFT_ACTIVE_COMPILATION_CONDITIONS = DEBUG;
				SWIFT_OPTIMIZATION_LEVEL = "-Onone";
			};
			name = Debug;
		};
		38ACB39F29D773CA00A450A0 /* Release */ = {
			isa = XCBuildConfiguration;
			buildSettings = {
				ALWAYS_SEARCH_USER_PATHS = NO;
				CLANG_ANALYZER_NONNULL = YES;
				CLANG_ANALYZER_NUMBER_OBJECT_CONVERSION = YES_AGGRESSIVE;
				CLANG_CXX_LANGUAGE_STANDARD = "gnu++20";
				CLANG_ENABLE_MODULES = YES;
				CLANG_ENABLE_OBJC_ARC = YES;
				CLANG_ENABLE_OBJC_WEAK = YES;
				CLANG_WARN_BLOCK_CAPTURE_AUTORELEASING = YES;
				CLANG_WARN_BOOL_CONVERSION = YES;
				CLANG_WARN_COMMA = YES;
				CLANG_WARN_CONSTANT_CONVERSION = YES;
				CLANG_WARN_DEPRECATED_OBJC_IMPLEMENTATIONS = YES;
				CLANG_WARN_DIRECT_OBJC_ISA_USAGE = YES_ERROR;
				CLANG_WARN_DOCUMENTATION_COMMENTS = YES;
				CLANG_WARN_EMPTY_BODY = YES;
				CLANG_WARN_ENUM_CONVERSION = YES;
				CLANG_WARN_INFINITE_RECURSION = YES;
				CLANG_WARN_INT_CONVERSION = YES;
				CLANG_WARN_NON_LITERAL_NULL_CONVERSION = YES;
				CLANG_WARN_OBJC_IMPLICIT_RETAIN_SELF = YES;
				CLANG_WARN_OBJC_LITERAL_CONVERSION = YES;
				CLANG_WARN_OBJC_ROOT_CLASS = YES_ERROR;
				CLANG_WARN_QUOTED_INCLUDE_IN_FRAMEWORK_HEADER = YES;
				CLANG_WARN_RANGE_LOOP_ANALYSIS = YES;
				CLANG_WARN_STRICT_PROTOTYPES = YES;
				CLANG_WARN_SUSPICIOUS_MOVE = YES;
				CLANG_WARN_UNGUARDED_AVAILABILITY = YES_AGGRESSIVE;
				CLANG_WARN_UNREACHABLE_CODE = YES;
				CLANG_WARN__DUPLICATE_METHOD_MATCH = YES;
				COPY_PHASE_STRIP = NO;
				DEAD_CODE_STRIPPING = YES;
				DEBUG_INFORMATION_FORMAT = "dwarf-with-dsym";
				ENABLE_NS_ASSERTIONS = NO;
				ENABLE_STRICT_OBJC_MSGSEND = YES;
				GCC_C_LANGUAGE_STANDARD = gnu11;
				GCC_NO_COMMON_BLOCKS = YES;
				GCC_WARN_64_TO_32_BIT_CONVERSION = YES;
				GCC_WARN_ABOUT_RETURN_TYPE = YES_ERROR;
				GCC_WARN_UNDECLARED_SELECTOR = YES;
				GCC_WARN_UNINITIALIZED_AUTOS = YES_AGGRESSIVE;
				GCC_WARN_UNUSED_FUNCTION = YES;
				GCC_WARN_UNUSED_VARIABLE = YES;
				MACOSX_DEPLOYMENT_TARGET = 13.1;
				MTL_ENABLE_DEBUG_INFO = NO;
				MTL_FAST_MATH = YES;
				SDKROOT = macosx;
				SWIFT_COMPILATION_MODE = wholemodule;
				SWIFT_OPTIMIZATION_LEVEL = "-Osize";
			};
			name = Release;
		};
		38ACB3A129D773CA00A450A0 /* Debug */ = {
			isa = XCBuildConfiguration;
			buildSettings = {
				ASSETCATALOG_COMPILER_APPICON_NAME = AppIcon;
				ASSETCATALOG_COMPILER_GLOBAL_ACCENT_COLOR_NAME = AccentColor;
				CODE_SIGN_ENTITLEMENTS = "Crossover patcher/Crossover_patcher.entitlements";
				CODE_SIGN_IDENTITY = "Apple Development: italomandara@gmail.com (8728ENA4AR)";
				"CODE_SIGN_IDENTITY[sdk=macosx*]" = "Apple Development";
				CODE_SIGN_STYLE = Manual;
				COMBINE_HIDPI_IMAGES = YES;
				CURRENT_PROJECT_VERSION = 0.2.14;
				DEAD_CODE_STRIPPING = YES;
				DEVELOPMENT_ASSET_PATHS = "\"Crossover patcher/Preview Content\"";
				DEVELOPMENT_TEAM = S5P3AKN3YC;
				ENABLE_HARDENED_RUNTIME = YES;
				ENABLE_PREVIEWS = YES;
				GENERATE_INFOPLIST_FILE = YES;
				INFOPLIST_FILE = "Crossover-patcher-Info.plist";
				INFOPLIST_KEY_CFBundleDisplayName = "Crossover patcher";
				INFOPLIST_KEY_LSApplicationCategoryType = "public.app-category.utilities";
				INFOPLIST_KEY_NSHumanReadableCopyright = "";
				LD_RUNPATH_SEARCH_PATHS = (
					"$(inherited)",
					"@executable_path/../Frameworks",
				);
				LIBRARY_SEARCH_PATHS = (
					"$(inherited)",
					"$(PROJECT_DIR)/Crossover\\ patcher/Resources/lib",
					"$(PROJECT_DIR)/Crossover\\ patcher/Resources",
					"$(PROJECT_DIR)",
				);
				MARKETING_VERSION = 0.2.14;
				PRODUCT_BUNDLE_IDENTIFIER = "com.italomandara.Crossover-patcher";
				PRODUCT_NAME = "$(TARGET_NAME)";
				SWIFT_EMIT_LOC_STRINGS = YES;
				SWIFT_VERSION = 5.0;
				VERSIONING_SYSTEM = "apple-generic";
			};
			name = Debug;
		};
		38ACB3A229D773CA00A450A0 /* Release */ = {
			isa = XCBuildConfiguration;
			buildSettings = {
				ASSETCATALOG_COMPILER_APPICON_NAME = AppIcon;
				ASSETCATALOG_COMPILER_GLOBAL_ACCENT_COLOR_NAME = AccentColor;
				CODE_SIGN_ENTITLEMENTS = "Crossover patcher/Crossover_patcher.entitlements";
				CODE_SIGN_IDENTITY = "Apple Development: italomandara@gmail.com (8728ENA4AR)";
				"CODE_SIGN_IDENTITY[sdk=macosx*]" = "Apple Development";
				CODE_SIGN_STYLE = Manual;
				COMBINE_HIDPI_IMAGES = YES;
				CURRENT_PROJECT_VERSION = 0.2.14;
				DEAD_CODE_STRIPPING = YES;
				DEVELOPMENT_ASSET_PATHS = "\"Crossover patcher/Preview Content\"";
				DEVELOPMENT_TEAM = S5P3AKN3YC;
				ENABLE_HARDENED_RUNTIME = YES;
				ENABLE_PREVIEWS = YES;
				GCC_OPTIMIZATION_LEVEL = z;
				GENERATE_INFOPLIST_FILE = YES;
				INFOPLIST_FILE = "Crossover-patcher-Info.plist";
				INFOPLIST_KEY_CFBundleDisplayName = "Crossover patcher";
				INFOPLIST_KEY_LSApplicationCategoryType = "public.app-category.utilities";
				INFOPLIST_KEY_NSHumanReadableCopyright = "";
				LD_RUNPATH_SEARCH_PATHS = (
					"$(inherited)",
					"@executable_path/../Frameworks",
				);
				LIBRARY_SEARCH_PATHS = (
					"$(inherited)",
					"$(PROJECT_DIR)/Crossover\\ patcher/Resources/lib",
					"$(PROJECT_DIR)/Crossover\\ patcher/Resources",
					"$(PROJECT_DIR)",
				);
				MARKETING_VERSION = 0.2.14;
				PRODUCT_BUNDLE_IDENTIFIER = "com.italomandara.Crossover-patcher";
				PRODUCT_NAME = "$(TARGET_NAME)";
				SWIFT_EMIT_LOC_STRINGS = YES;
				SWIFT_VERSION = 5.0;
				VERSIONING_SYSTEM = "apple-generic";
			};
			name = Release;
		};
/* End XCBuildConfiguration section */

/* Begin XCConfigurationList section */
		38ACB38C29D773CA00A450A0 /* Build configuration list for PBXProject "Crossover patcher" */ = {
			isa = XCConfigurationList;
			buildConfigurations = (
				38ACB39E29D773CA00A450A0 /* Debug */,
				38ACB39F29D773CA00A450A0 /* Release */,
			);
			defaultConfigurationIsVisible = 0;
			defaultConfigurationName = Release;
		};
		38ACB3A029D773CA00A450A0 /* Build configuration list for PBXNativeTarget "Crossover patcher" */ = {
			isa = XCConfigurationList;
			buildConfigurations = (
				38ACB3A129D773CA00A450A0 /* Debug */,
				38ACB3A229D773CA00A450A0 /* Release */,
			);
			defaultConfigurationIsVisible = 0;
			defaultConfigurationName = Release;
		};
/* End XCConfigurationList section */
	};
	rootObject = 38ACB38929D773CA00A450A0 /* Project object */;
}
