// !$*UTF8*$!
{
	archiveVersion = 1;
	classes = {
	};
	objectVersion = 56;
	objects = {

/* Begin PBXBuildFile section */
		0D9AC2C22A49F96000101F43 /* Localizable.strings in Resources */ = {isa = PBXBuildFile; fileRef = 0D9AC2C42A49F96000101F43 /* Localizable.strings */; };
		382499E42AEE946400578AA3 /* Options.swift in Sources */ = {isa = PBXBuildFile; fileRef = 382499E32AEE946400578AA3 /* Options.swift */; };
		382499E62AEE984600578AA3 /* OptionsButton.swift in Sources */ = {isa = PBXBuildFile; fileRef = 382499E52AEE984600578AA3 /* OptionsButton.swift */; };
		382AC3172AF8246800097003 /* AutoUpdateDisableToggle.swift in Sources */ = {isa = PBXBuildFile; fileRef = 382AC3162AF8246800097003 /* AutoUpdateDisableToggle.swift */; };
		382F4C0729DA516C00824358 /* Utils.swift in Sources */ = {isa = PBXBuildFile; fileRef = 382F4C0629DA516C00824358 /* Utils.swift */; };
		384681FD2AF4544200CEF539 /* MTLHUDToggle.swift in Sources */ = {isa = PBXBuildFile; fileRef = 384681FC2AF4544200CEF539 /* MTLHUDToggle.swift */; };
		384681FF2AF4549500CEF539 /* MsyncToggle.swift in Sources */ = {isa = PBXBuildFile; fileRef = 384681FE2AF4549500CEF539 /* MsyncToggle.swift */; };
		384682012AF454F700CEF539 /* FastMathToggle.swift in Sources */ = {isa = PBXBuildFile; fileRef = 384682002AF454F700CEF539 /* FastMathToggle.swift */; };
		386E0B252AC76A9400D09956 /* ProgressDialog.swift in Sources */ = {isa = PBXBuildFile; fileRef = 386E0B242AC76A9400D09956 /* ProgressDialog.swift */; };
		386E0B282AC7706200D09956 /* CustomButton.swift in Sources */ = {isa = PBXBuildFile; fileRef = 386E0B272AC7706200D09956 /* CustomButton.swift */; };
		3888B8AC2ABCDECB005B57BA /* BottlePathToggle.swift in Sources */ = {isa = PBXBuildFile; fileRef = 3888B8AB2ABCDECB005B57BA /* BottlePathToggle.swift */; };
		38998DFA2A3BAD6400F1963A /* ExternalResButton.swift in Sources */ = {isa = PBXBuildFile; fileRef = 38998DF92A3BAD6400F1963A /* ExternalResButton.swift */; };
		389D6BCF2A47599900A4C8EB /* Config.swift in Sources */ = {isa = PBXBuildFile; fileRef = 389D6BCE2A47599900A4C8EB /* Config.swift */; };
		38ACB39529D773CA00A450A0 /* Crossover_patcherApp.swift in Sources */ = {isa = PBXBuildFile; fileRef = 38ACB39429D773CA00A450A0 /* Crossover_patcherApp.swift */; };
		38ACB39729D773CA00A450A0 /* ContentView.swift in Sources */ = {isa = PBXBuildFile; fileRef = 38ACB39629D773CA00A450A0 /* ContentView.swift */; };
		38C291E62AE8523B00D0703E /* MoltenVKToggle.swift in Sources */ = {isa = PBXBuildFile; fileRef = 38C291E52AE8523B00D0703E /* MoltenVKToggle.swift */; };
		38C291E82AE852BD00D0703E /* DXVKToggle.swift in Sources */ = {isa = PBXBuildFile; fileRef = 38C291E72AE852BD00D0703E /* DXVKToggle.swift */; };
		38C291EA2AE85A7C00D0703E /* RemoveSignatureToggle.swift in Sources */ = {isa = PBXBuildFile; fileRef = 38C291E92AE85A7C00D0703E /* RemoveSignatureToggle.swift */; };
		38C678A229DAEF8500EB19BE /* Assets.xcassets in Resources */ = {isa = PBXBuildFile; fileRef = 38ACB39829D773CA00A450A0 /* Assets.xcassets */; };
		38C678A629DB3FE800EB19BE /* Instructions.swift in Sources */ = {isa = PBXBuildFile; fileRef = 38C678A529DB3FE800EB19BE /* Instructions.swift */; };
		38CB035A2A0ACF7200AE3637 /* RestoreButtonDialog.swift in Sources */ = {isa = PBXBuildFile; fileRef = 38CB03592A0ACF7200AE3637 /* RestoreButtonDialog.swift */; };
		38D93E5829DC4E4F00D4B0D8 /* Disclaimer.swift in Sources */ = {isa = PBXBuildFile; fileRef = 38D93E5729DC4E4F00D4B0D8 /* Disclaimer.swift */; };
		38EDDA382A97A73D00FF2254 /* CrossOver in Resources */ = {isa = PBXBuildFile; fileRef = 38EDDA362A97A73C00FF2254 /* CrossOver */; };
		38F7B2172A5DCF7500CD9511 /* AppSelector.swift in Sources */ = {isa = PBXBuildFile; fileRef = 38F7B2162A5DCF7500CD9511 /* AppSelector.swift */; };
		38F7B2192A5DD19D00CD9511 /* ExternalResourcesSelector.swift in Sources */ = {isa = PBXBuildFile; fileRef = 38F7B2182A5DD19D00CD9511 /* ExternalResourcesSelector.swift */; };
		38F7B21B2A5DD33A00CD9511 /* Logo.swift in Sources */ = {isa = PBXBuildFile; fileRef = 38F7B21A2A5DD33A00CD9511 /* Logo.swift */; };
		38F7B21D2A5DD4E100CD9511 /* IntegrateExternalsToggle.swift in Sources */ = {isa = PBXBuildFile; fileRef = 38F7B21C2A5DD4E100CD9511 /* IntegrateExternalsToggle.swift */; };
		38F7B21F2A5DD58600CD9511 /* SkipVersionCheckToggle.swift in Sources */ = {isa = PBXBuildFile; fileRef = 38F7B21E2A5DD58600CD9511 /* SkipVersionCheckToggle.swift */; };
		38F7B2212A5DD60000CD9511 /* RepatchToggle.swift in Sources */ = {isa = PBXBuildFile; fileRef = 38F7B2202A5DD60000CD9511 /* RepatchToggle.swift */; };
/* End PBXBuildFile section */

/* Begin PBXFileReference section */
		0D9AC2C32A49F96000101F43 /* en */ = {isa = PBXFileReference; lastKnownFileType = text.plist.strings; name = en; path = en.lproj/Localizable.strings; sourceTree = "<group>"; };
		382499E32AEE946400578AA3 /* Options.swift */ = {isa = PBXFileReference; lastKnownFileType = sourcecode.swift; path = Options.swift; sourceTree = "<group>"; };
		382499E52AEE984600578AA3 /* OptionsButton.swift */ = {isa = PBXFileReference; lastKnownFileType = sourcecode.swift; path = OptionsButton.swift; sourceTree = "<group>"; };
		382AC3162AF8246800097003 /* AutoUpdateDisableToggle.swift */ = {isa = PBXFileReference; lastKnownFileType = sourcecode.swift; path = AutoUpdateDisableToggle.swift; sourceTree = "<group>"; };
		382F4C0629DA516C00824358 /* Utils.swift */ = {isa = PBXFileReference; lastKnownFileType = sourcecode.swift; path = Utils.swift; sourceTree = "<group>"; };
		384681FC2AF4544200CEF539 /* MTLHUDToggle.swift */ = {isa = PBXFileReference; lastKnownFileType = sourcecode.swift; path = MTLHUDToggle.swift; sourceTree = "<group>"; };
		384681FE2AF4549500CEF539 /* MsyncToggle.swift */ = {isa = PBXFileReference; lastKnownFileType = sourcecode.swift; path = MsyncToggle.swift; sourceTree = "<group>"; };
		384682002AF454F700CEF539 /* FastMathToggle.swift */ = {isa = PBXFileReference; lastKnownFileType = sourcecode.swift; path = FastMathToggle.swift; sourceTree = "<group>"; };
		384E11E42A5E1EF300850EBF /* it */ = {isa = PBXFileReference; lastKnownFileType = text.plist.strings; name = it; path = it.lproj/Localizable.strings; sourceTree = "<group>"; };
		384E11E52A5E21A300850EBF /* ja */ = {isa = PBXFileReference; lastKnownFileType = text.plist.strings; name = ja; path = ja.lproj/Localizable.strings; sourceTree = "<group>"; };
		384E11E62A5E29B100850EBF /* es */ = {isa = PBXFileReference; lastKnownFileType = text.plist.strings; name = es; path = es.lproj/Localizable.strings; sourceTree = "<group>"; };
		384E11E72A5E2A2200850EBF /* fr */ = {isa = PBXFileReference; lastKnownFileType = text.plist.strings; name = fr; path = fr.lproj/Localizable.strings; sourceTree = "<group>"; };
		384E11E82A5E2A7400850EBF /* zh-Hans */ = {isa = PBXFileReference; lastKnownFileType = text.plist.strings; name = "zh-Hans"; path = "zh-Hans.lproj/Localizable.strings"; sourceTree = "<group>"; };
		384E11E92A5E2CF200850EBF /* uk */ = {isa = PBXFileReference; lastKnownFileType = text.plist.strings; name = uk; path = uk.lproj/Localizable.strings; sourceTree = "<group>"; };
		3851266D2AC87E7A0067C568 /* CXPatcherDebug.entitlements */ = {isa = PBXFileReference; lastKnownFileType = text.plist.entitlements; path = CXPatcherDebug.entitlements; sourceTree = "<group>"; };
		386E0B242AC76A9400D09956 /* ProgressDialog.swift */ = {isa = PBXFileReference; lastKnownFileType = sourcecode.swift; name = ProgressDialog.swift; path = Dialogs/ProgressDialog.swift; sourceTree = "<group>"; };
		386E0B272AC7706200D09956 /* CustomButton.swift */ = {isa = PBXFileReference; lastKnownFileType = sourcecode.swift; path = CustomButton.swift; sourceTree = "<group>"; };
		3888B8AB2ABCDECB005B57BA /* BottlePathToggle.swift */ = {isa = PBXFileReference; fileEncoding = 4; lastKnownFileType = sourcecode.swift; path = BottlePathToggle.swift; sourceTree = "<group>"; };
		38998DF92A3BAD6400F1963A /* ExternalResButton.swift */ = {isa = PBXFileReference; lastKnownFileType = sourcecode.swift; path = ExternalResButton.swift; sourceTree = "<group>"; };
		389D6BCE2A47599900A4C8EB /* Config.swift */ = {isa = PBXFileReference; lastKnownFileType = sourcecode.swift; path = Config.swift; sourceTree = "<group>"; };
		38ACB39129D773CA00A450A0 /* CXPatcher.app */ = {isa = PBXFileReference; explicitFileType = wrapper.application; includeInIndex = 0; path = CXPatcher.app; sourceTree = BUILT_PRODUCTS_DIR; };
		38ACB39429D773CA00A450A0 /* Crossover_patcherApp.swift */ = {isa = PBXFileReference; lastKnownFileType = sourcecode.swift; path = Crossover_patcherApp.swift; sourceTree = "<group>"; };
		38ACB39629D773CA00A450A0 /* ContentView.swift */ = {isa = PBXFileReference; lastKnownFileType = sourcecode.swift; path = ContentView.swift; sourceTree = "<group>"; };
		38ACB39829D773CA00A450A0 /* Assets.xcassets */ = {isa = PBXFileReference; lastKnownFileType = folder.assetcatalog; name = Assets.xcassets; path = "Crossover patcher/Assets.xcassets"; sourceTree = SOURCE_ROOT; };
		38ACB39B29D773CA00A450A0 /* Preview Assets.xcassets */ = {isa = PBXFileReference; lastKnownFileType = folder.assetcatalog; path = "Preview Assets.xcassets"; sourceTree = "<group>"; };
		38ACB39D29D773CA00A450A0 /* Crossover_patcher.entitlements */ = {isa = PBXFileReference; lastKnownFileType = text.plist.entitlements; path = Crossover_patcher.entitlements; sourceTree = "<group>"; };
		38C291E52AE8523B00D0703E /* MoltenVKToggle.swift */ = {isa = PBXFileReference; lastKnownFileType = sourcecode.swift; path = MoltenVKToggle.swift; sourceTree = "<group>"; };
		38C291E72AE852BD00D0703E /* DXVKToggle.swift */ = {isa = PBXFileReference; lastKnownFileType = sourcecode.swift; path = DXVKToggle.swift; sourceTree = "<group>"; };
		38C291E92AE85A7C00D0703E /* RemoveSignatureToggle.swift */ = {isa = PBXFileReference; lastKnownFileType = sourcecode.swift; path = RemoveSignatureToggle.swift; sourceTree = "<group>"; };
		38C678A129DADD5300EB19BE /* Crossover-patcher-Info.plist */ = {isa = PBXFileReference; lastKnownFileType = text.plist; path = "Crossover-patcher-Info.plist"; sourceTree = SOURCE_ROOT; };
		38C678A529DB3FE800EB19BE /* Instructions.swift */ = {isa = PBXFileReference; lastKnownFileType = sourcecode.swift; path = Instructions.swift; sourceTree = "<group>"; };
		38CB03592A0ACF7200AE3637 /* RestoreButtonDialog.swift */ = {isa = PBXFileReference; lastKnownFileType = sourcecode.swift; path = RestoreButtonDialog.swift; sourceTree = "<group>"; };
		38D1F6C42A4CA3E9006C89B6 /* pl */ = {isa = PBXFileReference; lastKnownFileType = text.plist.strings; name = pl; path = pl.lproj/Localizable.strings; sourceTree = "<group>"; };
		38D93E5729DC4E4F00D4B0D8 /* Disclaimer.swift */ = {isa = PBXFileReference; lastKnownFileType = sourcecode.swift; path = Disclaimer.swift; sourceTree = "<group>"; };
		38EDDA362A97A73C00FF2254 /* CrossOver */ = {isa = PBXFileReference; fileEncoding = 4; lastKnownFileType = text; name = CrossOver; path = lib/CrossOver; sourceTree = SOURCE_ROOT; };
		38F7B2162A5DCF7500CD9511 /* AppSelector.swift */ = {isa = PBXFileReference; lastKnownFileType = sourcecode.swift; path = AppSelector.swift; sourceTree = "<group>"; };
		38F7B2182A5DD19D00CD9511 /* ExternalResourcesSelector.swift */ = {isa = PBXFileReference; lastKnownFileType = sourcecode.swift; path = ExternalResourcesSelector.swift; sourceTree = "<group>"; };
		38F7B21A2A5DD33A00CD9511 /* Logo.swift */ = {isa = PBXFileReference; lastKnownFileType = sourcecode.swift; path = Logo.swift; sourceTree = "<group>"; };
		38F7B21C2A5DD4E100CD9511 /* IntegrateExternalsToggle.swift */ = {isa = PBXFileReference; lastKnownFileType = sourcecode.swift; path = IntegrateExternalsToggle.swift; sourceTree = "<group>"; };
		38F7B21E2A5DD58600CD9511 /* SkipVersionCheckToggle.swift */ = {isa = PBXFileReference; lastKnownFileType = sourcecode.swift; path = SkipVersionCheckToggle.swift; sourceTree = "<group>"; };
		38F7B2202A5DD60000CD9511 /* RepatchToggle.swift */ = {isa = PBXFileReference; lastKnownFileType = sourcecode.swift; path = RepatchToggle.swift; sourceTree = "<group>"; };
		38FC40102A606A53006E6A69 /* pt-PT */ = {isa = PBXFileReference; lastKnownFileType = text.plist.strings; name = "pt-PT"; path = "pt-PT.lproj/Localizable.strings"; sourceTree = "<group>"; };
		38FC40112A606ACB006E6A69 /* sv */ = {isa = PBXFileReference; lastKnownFileType = text.plist.strings; name = sv; path = sv.lproj/Localizable.strings; sourceTree = "<group>"; };
		38FC40122A606AD8006E6A69 /* ro */ = {isa = PBXFileReference; lastKnownFileType = text.plist.strings; name = ro; path = ro.lproj/Localizable.strings; sourceTree = "<group>"; };
		38FC40132A606BAE006E6A69 /* de */ = {isa = PBXFileReference; lastKnownFileType = text.plist.strings; name = de; path = de.lproj/Localizable.strings; sourceTree = "<group>"; };
/* End PBXFileReference section */

/* Begin PBXGroup section */
		38ACB38829D773CA00A450A0 = {
			isa = PBXGroup;
			children = (
				3851266D2AC87E7A0067C568 /* CXPatcherDebug.entitlements */,
				38ACB39329D773CA00A450A0 /* Crossover patcher */,
				38ACB39229D773CA00A450A0 /* Products */,
			);
			sourceTree = "<group>";
		};
		38ACB39229D773CA00A450A0 /* Products */ = {
			isa = PBXGroup;
			children = (
				38ACB39129D773CA00A450A0 /* CXPatcher.app */,
			);
			name = Products;
			sourceTree = "<group>";
		};
		38ACB39329D773CA00A450A0 /* Crossover patcher */ = {
			isa = PBXGroup;
			children = (
				38C678A129DADD5300EB19BE /* Crossover-patcher-Info.plist */,
				38ACB3A329D77ECE00A450A0 /* Resources */,
				38ACB39429D773CA00A450A0 /* Crossover_patcherApp.swift */,
				389D6BCE2A47599900A4C8EB /* Config.swift */,
				38ACB39629D773CA00A450A0 /* ContentView.swift */,
				386E0B242AC76A9400D09956 /* ProgressDialog.swift */,
				38ACB39829D773CA00A450A0 /* Assets.xcassets */,
				38ACB39D29D773CA00A450A0 /* Crossover_patcher.entitlements */,
				38ACB39A29D773CA00A450A0 /* Preview Content */,
				382F4C0629DA516C00824358 /* Utils.swift */,
				38C678A529DB3FE800EB19BE /* Instructions.swift */,
				38D93E5729DC4E4F00D4B0D8 /* Disclaimer.swift */,
				38F7B2242A5DD73700CD9511 /* Buttons */,
				38F7B2232A5DD72500CD9511 /* Selectors */,
				38F7B21A2A5DD33A00CD9511 /* Logo.swift */,
				38F7B2222A5DD70F00CD9511 /* Toggles */,
				382499E32AEE946400578AA3 /* Options.swift */,
			);
			path = "Crossover patcher";
			sourceTree = "<group>";
		};
		38ACB39A29D773CA00A450A0 /* Preview Content */ = {
			isa = PBXGroup;
			children = (
				38ACB39B29D773CA00A450A0 /* Preview Assets.xcassets */,
			);
			path = "Preview Content";
			sourceTree = "<group>";
		};
		38ACB3A329D77ECE00A450A0 /* Resources */ = {
			isa = PBXGroup;
			children = (
				0D9AC2C42A49F96000101F43 /* Localizable.strings */,
				38ACB3A729D77F0600A450A0 /* lib */,
			);
			path = Resources;
			sourceTree = "<group>";
		};
		38ACB3A729D77F0600A450A0 /* lib */ = {
			isa = PBXGroup;
			children = (
				38EDDA362A97A73C00FF2254 /* CrossOver */,
			);
			path = lib;
			sourceTree = "<group>";
		};
		38F7B2222A5DD70F00CD9511 /* Toggles */ = {
			isa = PBXGroup;
			children = (
				38F7B21C2A5DD4E100CD9511 /* IntegrateExternalsToggle.swift */,
				3888B8AB2ABCDECB005B57BA /* BottlePathToggle.swift */,
				38F7B2202A5DD60000CD9511 /* RepatchToggle.swift */,
				38F7B21E2A5DD58600CD9511 /* SkipVersionCheckToggle.swift */,
				38C291E52AE8523B00D0703E /* MoltenVKToggle.swift */,
				38C291E72AE852BD00D0703E /* DXVKToggle.swift */,
				38C291E92AE85A7C00D0703E /* RemoveSignatureToggle.swift */,
				384681FC2AF4544200CEF539 /* MTLHUDToggle.swift */,
				384681FE2AF4549500CEF539 /* MsyncToggle.swift */,
				384682002AF454F700CEF539 /* FastMathToggle.swift */,
				382AC3162AF8246800097003 /* AutoUpdateDisableToggle.swift */,
			);
			path = Toggles;
			sourceTree = "<group>";
		};
		38F7B2232A5DD72500CD9511 /* Selectors */ = {
			isa = PBXGroup;
			children = (
				38F7B2162A5DCF7500CD9511 /* AppSelector.swift */,
				38F7B2182A5DD19D00CD9511 /* ExternalResourcesSelector.swift */,
			);
			path = Selectors;
			sourceTree = "<group>";
		};
		38F7B2242A5DD73700CD9511 /* Buttons */ = {
			isa = PBXGroup;
			children = (
				38CB03592A0ACF7200AE3637 /* RestoreButtonDialog.swift */,
				38998DF92A3BAD6400F1963A /* ExternalResButton.swift */,
				386E0B272AC7706200D09956 /* CustomButton.swift */,
				382499E52AEE984600578AA3 /* OptionsButton.swift */,
			);
			path = Buttons;
			sourceTree = "<group>";
		};
/* End PBXGroup section */

/* Begin PBXNativeTarget section */
		38ACB39029D773CA00A450A0 /* CXPatcher */ = {
			isa = PBXNativeTarget;
			buildConfigurationList = 38ACB3A029D773CA00A450A0 /* Build configuration list for PBXNativeTarget "CXPatcher" */;
			buildPhases = (
				38ACB38D29D773CA00A450A0 /* Sources */,
				381F7DC829DA391400FE9869 /* Resources */,
				388A0DFB29F3E40C00B5F386 /* ShellScript */,
			);
			buildRules = (
			);
			dependencies = (
			);
			name = CXPatcher;
			productName = "Crossover patcher";
			productReference = 38ACB39129D773CA00A450A0 /* CXPatcher.app */;
			productType = "com.apple.product-type.application";
		};
/* End PBXNativeTarget section */

/* Begin PBXProject section */
		38ACB38929D773CA00A450A0 /* Project object */ = {
			isa = PBXProject;
			attributes = {
				BuildIndependentTargetsInParallel = 1;
				LastSwiftUpdateCheck = 1420;
				LastUpgradeCheck = 1500;
				TargetAttributes = {
					38ACB39029D773CA00A450A0 = {
						CreatedOnToolsVersion = 14.2;
					};
				};
			};
			buildConfigurationList = 38ACB38C29D773CA00A450A0 /* Build configuration list for PBXProject "Crossover patcher" */;
			compatibilityVersion = "Xcode 14.0";
			developmentRegion = en;
			hasScannedForEncodings = 0;
			knownRegions = (
				en,
				Base,
				pl,
				it,
				ja,
				es,
				fr,
				"zh-Hans",
				uk,
				"pt-PT",
				sv,
				ro,
				de,
			);
			mainGroup = 38ACB38829D773CA00A450A0;
			productRefGroup = 38ACB39229D773CA00A450A0 /* Products */;
			projectDirPath = "";
			projectRoot = "";
			targets = (
				38ACB39029D773CA00A450A0 /* CXPatcher */,
			);
		};
/* End PBXProject section */

/* Begin PBXResourcesBuildPhase section */
		381F7DC829DA391400FE9869 /* Resources */ = {
			isa = PBXResourcesBuildPhase;
			buildActionMask = 2147483647;
			files = (
				0D9AC2C22A49F96000101F43 /* Localizable.strings in Resources */,
				38EDDA382A97A73D00FF2254 /* CrossOver in Resources */,
				38C678A229DAEF8500EB19BE /* Assets.xcassets in Resources */,
			);
			runOnlyForDeploymentPostprocessing = 0;
		};
/* End PBXResourcesBuildPhase section */

/* Begin PBXShellScriptBuildPhase section */
		388A0DFB29F3E40C00B5F386 /* ShellScript */ = {
			isa = PBXShellScriptBuildPhase;
			alwaysOutOfDate = 1;
			buildActionMask = 2147483647;
			files = (
			);
			inputFileListPaths = (
			);
			inputPaths = (
			);
			outputFileListPaths = (
			);
			outputPaths = (
			);
			runOnlyForDeploymentPostprocessing = 0;
			shellPath = /bin/sh;
			shellScript = "# Type a script or drag a script file from your workspace to insert its path.\n# xcrun agvtool next-version -all\n";
		};
/* End PBXShellScriptBuildPhase section */

/* Begin PBXSourcesBuildPhase section */
		38ACB38D29D773CA00A450A0 /* Sources */ = {
			isa = PBXSourcesBuildPhase;
			buildActionMask = 2147483647;
			files = (
				38C291E82AE852BD00D0703E /* DXVKToggle.swift in Sources */,
				38F7B21F2A5DD58600CD9511 /* SkipVersionCheckToggle.swift in Sources */,
				38F7B2212A5DD60000CD9511 /* RepatchToggle.swift in Sources */,
				38ACB39729D773CA00A450A0 /* ContentView.swift in Sources */,
				38ACB39529D773CA00A450A0 /* Crossover_patcherApp.swift in Sources */,
				386E0B252AC76A9400D09956 /* ProgressDialog.swift in Sources */,
				3888B8AC2ABCDECB005B57BA /* BottlePathToggle.swift in Sources */,
				38D93E5829DC4E4F00D4B0D8 /* Disclaimer.swift in Sources */,
				38998DFA2A3BAD6400F1963A /* ExternalResButton.swift in Sources */,
				38F7B21D2A5DD4E100CD9511 /* IntegrateExternalsToggle.swift in Sources */,
				38F7B21B2A5DD33A00CD9511 /* Logo.swift in Sources */,
				382F4C0729DA516C00824358 /* Utils.swift in Sources */,
				38C291E62AE8523B00D0703E /* MoltenVKToggle.swift in Sources */,
				382499E42AEE946400578AA3 /* Options.swift in Sources */,
				38CB035A2A0ACF7200AE3637 /* RestoreButtonDialog.swift in Sources */,
				38F7B2172A5DCF7500CD9511 /* AppSelector.swift in Sources */,
				384681FF2AF4549500CEF539 /* MsyncToggle.swift in Sources */,
				386E0B282AC7706200D09956 /* CustomButton.swift in Sources */,
				38C291EA2AE85A7C00D0703E /* RemoveSignatureToggle.swift in Sources */,
				382499E62AEE984600578AA3 /* OptionsButton.swift in Sources */,
				384681FD2AF4544200CEF539 /* MTLHUDToggle.swift in Sources */,
				389D6BCF2A47599900A4C8EB /* Config.swift in Sources */,
				382AC3172AF8246800097003 /* AutoUpdateDisableToggle.swift in Sources */,
				38C678A629DB3FE800EB19BE /* Instructions.swift in Sources */,
				384682012AF454F700CEF539 /* FastMathToggle.swift in Sources */,
				38F7B2192A5DD19D00CD9511 /* ExternalResourcesSelector.swift in Sources */,
			);
			runOnlyForDeploymentPostprocessing = 0;
		};
/* End PBXSourcesBuildPhase section */

/* Begin PBXVariantGroup section */
		0D9AC2C42A49F96000101F43 /* Localizable.strings */ = {
			isa = PBXVariantGroup;
			children = (
				0D9AC2C32A49F96000101F43 /* en */,
				38D1F6C42A4CA3E9006C89B6 /* pl */,
				384E11E42A5E1EF300850EBF /* it */,
				384E11E52A5E21A300850EBF /* ja */,
				384E11E62A5E29B100850EBF /* es */,
				384E11E72A5E2A2200850EBF /* fr */,
				384E11E82A5E2A7400850EBF /* zh-Hans */,
				384E11E92A5E2CF200850EBF /* uk */,
				38FC40102A606A53006E6A69 /* pt-PT */,
				38FC40112A606ACB006E6A69 /* sv */,
				38FC40122A606AD8006E6A69 /* ro */,
				38FC40132A606BAE006E6A69 /* de */,
			);
			name = Localizable.strings;
			path = "Crossover patcher";
			sourceTree = SOURCE_ROOT;
		};
/* End PBXVariantGroup section */

/* Begin XCBuildConfiguration section */
		38ACB39E29D773CA00A450A0 /* Debug */ = {
			isa = XCBuildConfiguration;
			buildSettings = {
				ALWAYS_SEARCH_USER_PATHS = NO;
				CLANG_ANALYZER_LOCALIZABILITY_NONLOCALIZED = YES;
				CLANG_ANALYZER_NONNULL = YES;
				CLANG_ANALYZER_NUMBER_OBJECT_CONVERSION = YES_AGGRESSIVE;
				CLANG_CXX_LANGUAGE_STANDARD = "gnu++20";
				CLANG_ENABLE_MODULES = YES;
				CLANG_ENABLE_OBJC_ARC = YES;
				CLANG_ENABLE_OBJC_WEAK = YES;
				CLANG_WARN_BLOCK_CAPTURE_AUTORELEASING = YES;
				CLANG_WARN_BOOL_CONVERSION = YES;
				CLANG_WARN_COMMA = YES;
				CLANG_WARN_CONSTANT_CONVERSION = YES;
				CLANG_WARN_DEPRECATED_OBJC_IMPLEMENTATIONS = YES;
				CLANG_WARN_DIRECT_OBJC_ISA_USAGE = YES_ERROR;
				CLANG_WARN_DOCUMENTATION_COMMENTS = YES;
				CLANG_WARN_EMPTY_BODY = YES;
				CLANG_WARN_ENUM_CONVERSION = YES;
				CLANG_WARN_INFINITE_RECURSION = YES;
				CLANG_WARN_INT_CONVERSION = YES;
				CLANG_WARN_NON_LITERAL_NULL_CONVERSION = YES;
				CLANG_WARN_OBJC_IMPLICIT_RETAIN_SELF = YES;
				CLANG_WARN_OBJC_LITERAL_CONVERSION = YES;
				CLANG_WARN_OBJC_ROOT_CLASS = YES_ERROR;
				CLANG_WARN_QUOTED_INCLUDE_IN_FRAMEWORK_HEADER = YES;
				CLANG_WARN_RANGE_LOOP_ANALYSIS = YES;
				CLANG_WARN_STRICT_PROTOTYPES = YES;
				CLANG_WARN_SUSPICIOUS_MOVE = YES;
				CLANG_WARN_UNGUARDED_AVAILABILITY = YES_AGGRESSIVE;
				CLANG_WARN_UNREACHABLE_CODE = YES;
				CLANG_WARN__DUPLICATE_METHOD_MATCH = YES;
				COPY_PHASE_STRIP = NO;
				DEAD_CODE_STRIPPING = YES;
				DEBUG_INFORMATION_FORMAT = dwarf;
				ENABLE_STRICT_OBJC_MSGSEND = YES;
				ENABLE_TESTABILITY = YES;
				ENABLE_USER_SCRIPT_SANDBOXING = YES;
				GCC_C_LANGUAGE_STANDARD = gnu11;
				GCC_DYNAMIC_NO_PIC = NO;
				GCC_NO_COMMON_BLOCKS = YES;
				GCC_OPTIMIZATION_LEVEL = 0;
				GCC_PREPROCESSOR_DEFINITIONS = (
					"DEBUG=1",
					"$(inherited)",
				);
				GCC_WARN_64_TO_32_BIT_CONVERSION = YES;
				GCC_WARN_ABOUT_RETURN_TYPE = YES_ERROR;
				GCC_WARN_UNDECLARED_SELECTOR = YES;
				GCC_WARN_UNINITIALIZED_AUTOS = YES_AGGRESSIVE;
				GCC_WARN_UNUSED_FUNCTION = YES;
				GCC_WARN_UNUSED_VARIABLE = YES;
				MACOSX_DEPLOYMENT_TARGET = 13.1;
				MTL_ENABLE_DEBUG_INFO = INCLUDE_SOURCE;
				MTL_FAST_MATH = YES;
				ONLY_ACTIVE_ARCH = YES;
				SDKROOT = macosx;
				SWIFT_ACTIVE_COMPILATION_CONDITIONS = DEBUG;
				SWIFT_OPTIMIZATION_LEVEL = "-Onone";
			};
			name = Debug;
		};
		38ACB39F29D773CA00A450A0 /* Release */ = {
			isa = XCBuildConfiguration;
			buildSettings = {
				ALWAYS_SEARCH_USER_PATHS = NO;
				CLANG_ANALYZER_LOCALIZABILITY_NONLOCALIZED = YES;
				CLANG_ANALYZER_NONNULL = YES;
				CLANG_ANALYZER_NUMBER_OBJECT_CONVERSION = YES_AGGRESSIVE;
				CLANG_CXX_LANGUAGE_STANDARD = "gnu++20";
				CLANG_ENABLE_MODULES = YES;
				CLANG_ENABLE_OBJC_ARC = YES;
				CLANG_ENABLE_OBJC_WEAK = YES;
				CLANG_WARN_BLOCK_CAPTURE_AUTORELEASING = YES;
				CLANG_WARN_BOOL_CONVERSION = YES;
				CLANG_WARN_COMMA = YES;
				CLANG_WARN_CONSTANT_CONVERSION = YES;
				CLANG_WARN_DEPRECATED_OBJC_IMPLEMENTATIONS = YES;
				CLANG_WARN_DIRECT_OBJC_ISA_USAGE = YES_ERROR;
				CLANG_WARN_DOCUMENTATION_COMMENTS = YES;
				CLANG_WARN_EMPTY_BODY = YES;
				CLANG_WARN_ENUM_CONVERSION = YES;
				CLANG_WARN_INFINITE_RECURSION = YES;
				CLANG_WARN_INT_CONVERSION = YES;
				CLANG_WARN_NON_LITERAL_NULL_CONVERSION = YES;
				CLANG_WARN_OBJC_IMPLICIT_RETAIN_SELF = YES;
				CLANG_WARN_OBJC_LITERAL_CONVERSION = YES;
				CLANG_WARN_OBJC_ROOT_CLASS = YES_ERROR;
				CLANG_WARN_QUOTED_INCLUDE_IN_FRAMEWORK_HEADER = YES;
				CLANG_WARN_RANGE_LOOP_ANALYSIS = YES;
				CLANG_WARN_STRICT_PROTOTYPES = YES;
				CLANG_WARN_SUSPICIOUS_MOVE = YES;
				CLANG_WARN_UNGUARDED_AVAILABILITY = YES_AGGRESSIVE;
				CLANG_WARN_UNREACHABLE_CODE = YES;
				CLANG_WARN__DUPLICATE_METHOD_MATCH = YES;
				COPY_PHASE_STRIP = NO;
				DEAD_CODE_STRIPPING = YES;
				DEBUG_INFORMATION_FORMAT = "dwarf-with-dsym";
				ENABLE_NS_ASSERTIONS = NO;
				ENABLE_STRICT_OBJC_MSGSEND = YES;
				ENABLE_USER_SCRIPT_SANDBOXING = YES;
				GCC_C_LANGUAGE_STANDARD = gnu11;
				GCC_NO_COMMON_BLOCKS = YES;
				GCC_WARN_64_TO_32_BIT_CONVERSION = YES;
				GCC_WARN_ABOUT_RETURN_TYPE = YES_ERROR;
				GCC_WARN_UNDECLARED_SELECTOR = YES;
				GCC_WARN_UNINITIALIZED_AUTOS = YES_AGGRESSIVE;
				GCC_WARN_UNUSED_FUNCTION = YES;
				GCC_WARN_UNUSED_VARIABLE = YES;
				MACOSX_DEPLOYMENT_TARGET = 13.1;
				MTL_ENABLE_DEBUG_INFO = NO;
				MTL_FAST_MATH = YES;
				SDKROOT = macosx;
				SWIFT_COMPILATION_MODE = wholemodule;
				SWIFT_OPTIMIZATION_LEVEL = "-Osize";
			};
			name = Release;
		};
		38ACB3A129D773CA00A450A0 /* Debug */ = {
			isa = XCBuildConfiguration;
			buildSettings = {
				ASSETCATALOG_COMPILER_APPICON_NAME = AppIcon;
				ASSETCATALOG_COMPILER_GLOBAL_ACCENT_COLOR_NAME = AccentColor;
				CODE_SIGN_ENTITLEMENTS = CXPatcherDebug.entitlements;
				CODE_SIGN_IDENTITY = "Apple Development";
				"CODE_SIGN_IDENTITY[sdk=macosx*]" = "Mac Developer";
				CODE_SIGN_STYLE = Manual;
				COMBINE_HIDPI_IMAGES = YES;
				CURRENT_PROJECT_VERSION = 1;
				DEAD_CODE_STRIPPING = YES;
				DEVELOPMENT_ASSET_PATHS = "\"Crossover patcher/Preview Content\"";
				DEVELOPMENT_TEAM = "";
				"DEVELOPMENT_TEAM[sdk=macosx*]" = S5P3AKN3YC;
				ENABLE_HARDENED_RUNTIME = YES;
				ENABLE_PREVIEWS = YES;
				GENERATE_INFOPLIST_FILE = YES;
				INFOPLIST_FILE = "Crossover-patcher-Info.plist";
				INFOPLIST_KEY_CFBundleDisplayName = CXPatcher;
				INFOPLIST_KEY_LSApplicationCategoryType = "public.app-category.utilities";
				INFOPLIST_KEY_NSHumanReadableCopyright = "";
				LD_RUNPATH_SEARCH_PATHS = (
					"$(inherited)",
					"@executable_path/../Frameworks",
				);
				LIBRARY_SEARCH_PATHS = (
					"$(inherited)",
					"$(PROJECT_DIR)/Crossover\\ patcher/Resources/lib",
					"$(PROJECT_DIR)/Crossover\\ patcher/Resources",
					"$(PROJECT_DIR)",
				);
				MARKETING_VERSION = 0.4.6;
				PRODUCT_BUNDLE_IDENTIFIER = "com.italomandara.Crossover-patcher";
				PRODUCT_NAME = "$(TARGET_NAME)";
				PROVISIONING_PROFILE_SPECIFIER = "";
				SWIFT_EMIT_LOC_STRINGS = YES;
				SWIFT_VERSION = 5.0;
				VERSIONING_SYSTEM = "apple-generic";
			};
			name = Debug;
		};
		38ACB3A229D773CA00A450A0 /* Release */ = {
			isa = XCBuildConfiguration;
			buildSettings = {
				ASSETCATALOG_COMPILER_APPICON_NAME = AppIcon;
				ASSETCATALOG_COMPILER_GLOBAL_ACCENT_COLOR_NAME = AccentColor;
				CODE_SIGN_ENTITLEMENTS = "Crossover patcher/Crossover_patcher.entitlements";
				CODE_SIGN_IDENTITY = "Apple Development";
				"CODE_SIGN_IDENTITY[sdk=macosx*]" = "Apple Development";
				CODE_SIGN_STYLE = Automatic;
				COMBINE_HIDPI_IMAGES = YES;
				CURRENT_PROJECT_VERSION = 1;
				DEAD_CODE_STRIPPING = YES;
				DEVELOPMENT_ASSET_PATHS = "\"Crossover patcher/Preview Content\"";
				DEVELOPMENT_TEAM = S5P3AKN3YC;
				ENABLE_HARDENED_RUNTIME = YES;
				ENABLE_PREVIEWS = YES;
				GCC_OPTIMIZATION_LEVEL = z;
				GENERATE_INFOPLIST_FILE = YES;
				INFOPLIST_FILE = "Crossover-patcher-Info.plist";
				INFOPLIST_KEY_CFBundleDisplayName = CXPatcher;
				INFOPLIST_KEY_LSApplicationCategoryType = "public.app-category.utilities";
				INFOPLIST_KEY_NSHumanReadableCopyright = "";
				LD_RUNPATH_SEARCH_PATHS = (
					"$(inherited)",
					"@executable_path/../Frameworks",
				);
				LIBRARY_SEARCH_PATHS = (
					"$(inherited)",
					"$(PROJECT_DIR)/Crossover\\ patcher/Resources/lib",
					"$(PROJECT_DIR)/Crossover\\ patcher/Resources",
					"$(PROJECT_DIR)",
				);
				MARKETING_VERSION = 0.4.6;
				PRODUCT_BUNDLE_IDENTIFIER = "com.italomandara.Crossover-patcher";
				PRODUCT_NAME = "$(TARGET_NAME)";
				PROVISIONING_PROFILE_SPECIFIER = "";
				SWIFT_EMIT_LOC_STRINGS = YES;
				SWIFT_VERSION = 5.0;
				VERSIONING_SYSTEM = "apple-generic";
			};
			name = Release;
		};
/* End XCBuildConfiguration section */

/* Begin XCConfigurationList section */
		38ACB38C29D773CA00A450A0 /* Build configuration list for PBXProject "Crossover patcher" */ = {
			isa = XCConfigurationList;
			buildConfigurations = (
				38ACB39E29D773CA00A450A0 /* Debug */,
				38ACB39F29D773CA00A450A0 /* Release */,
			);
			defaultConfigurationIsVisible = 0;
			defaultConfigurationName = Release;
		};
		38ACB3A029D773CA00A450A0 /* Build configuration list for PBXNativeTarget "CXPatcher" */ = {
			isa = XCConfigurationList;
			buildConfigurations = (
				38ACB3A129D773CA00A450A0 /* Debug */,
				38ACB3A229D773CA00A450A0 /* Release */,
			);
			defaultConfigurationIsVisible = 0;
			defaultConfigurationName = Release;
		};
/* End XCConfigurationList section */
	};
	rootObject = 38ACB38929D773CA00A450A0 /* Project object */;
}
